
Microsoft Visual Studio Solution File, Format Version 12.00
# Visual Studio Version 16
VisualStudioVersion = 16.0.31515.178
MinimumVisualStudioVersion = 10.0.40219.1
Project("{FAE04EC0-301F-11D3-BF4B-00C04F79EFBC}") = "WeAreTheChampion.UI", "WeAreTheChampion.UI\WeAreTheChampion.UI.csproj", "{303B83D9-3ADD-4C08-A8F4-329A91B6986F}"
EndProject
Project("{FAE04EC0-301F-11D3-BF4B-00C04F79EFBC}") = "WeAreTheChampion.DATA", "WeAreTheChampion.DATA\WeAreTheChampion.DATA.csproj", "{645B1404-F194-4EEB-BDBE-9EB639109AEF}"
EndProject
Global
	GlobalSection(SolutionConfigurationPlatforms) = preSolution
		Debug|Any CPU = Debug|Any CPU
		Release|Any CPU = Release|Any CPU
	EndGlobalSection
	GlobalSection(ProjectConfigurationPlatforms) = postSolution
		{303B83D9-3ADD-4C08-A8F4-329A91B6986F}.Debug|Any CPU.ActiveCfg = Debug|Any CPU
		{303B83D9-3ADD-4C08-A8F4-329A91B6986F}.Debug|Any CPU.Build.0 = Debug|Any CPU
		{303B83D9-3ADD-4C08-A8F4-329A91B6986F}.Release|Any CPU.ActiveCfg = Release|Any CPU
		{303B83D9-3ADD-4C08-A8F4-329A91B6986F}.Release|Any CPU.Build.0 = Release|Any CPU
		{645B1404-F194-4EEB-BDBE-9EB639109AEF}.Debug|Any CPU.ActiveCfg = Debug|Any CPU
		{645B1404-F194-4EEB-BDBE-9EB639109AEF}.Debug|Any CPU.Build.0 = Debug|Any CPU
		{645B1404-F194-4EEB-BDBE-9EB639109AEF}.Release|Any CPU.ActiveCfg = Release|Any CPU
		{645B1404-F194-4EEB-BDBE-9EB639109AEF}.Release|Any CPU.Build.0 = Release|Any CPU
	EndGlobalSection
	GlobalSection(SolutionProperties) = preSolution
		HideSolutionNode = FALSE
	EndGlobalSection
	GlobalSection(ExtensibilityGlobals) = postSolution
		SolutionGuid = {820486B3-D3D5-4265-BEFE-B7793C108060}
	EndGlobalSection
EndGlobal
